// !$*UTF8*$!
{
	archiveVersion = 1;
	classes = {
	};
	objectVersion = 46;
	objects = {

/* Begin PBXBuildFile section */
		BE04D63A1DA99FC800DAEB84 /* BytecodeInstruction.swift in Sources */ = {isa = PBXBuildFile; fileRef = BE04D6391DA99FC800DAEB84 /* BytecodeInstruction.swift */; };
		BE3FEB9A1DA425A30000648D /* main.swift in Sources */ = {isa = PBXBuildFile; fileRef = BE3FEB991DA425A30000648D /* main.swift */; };
		BE3FEBA91DA427800000648D /* Lexer.swift in Sources */ = {isa = PBXBuildFile; fileRef = BE3FEBA41DA427800000648D /* Lexer.swift */; };
		BE3FEBAA1DA427800000648D /* Nodes.swift in Sources */ = {isa = PBXBuildFile; fileRef = BE3FEBA51DA427800000648D /* Nodes.swift */; };
		BE3FEBAB1DA427800000648D /* Parser.swift in Sources */ = {isa = PBXBuildFile; fileRef = BE3FEBA61DA427800000648D /* Parser.swift */; };
		BE3FEBAC1DA427800000648D /* Regex.swift in Sources */ = {isa = PBXBuildFile; fileRef = BE3FEBA71DA427800000648D /* Regex.swift */; };
		BE3FEBAD1DA427800000648D /* String.swift in Sources */ = {isa = PBXBuildFile; fileRef = BE3FEBA81DA427800000648D /* String.swift */; };
		BE5653641DAAB86F006171B9 /* BytecodeInstructionType.swift in Sources */ = {isa = PBXBuildFile; fileRef = BE5653631DAAB86F006171B9 /* BytecodeInstructionType.swift */; };
		BE9369FC1DA83AB000C0B3DF /* BytecodeCompiler.swift in Sources */ = {isa = PBXBuildFile; fileRef = BE9369FB1DA83AB000C0B3DF /* BytecodeCompiler.swift */; };
		BEFFCB901DAA77AE001EF8E4 /* BytecodeInterpreter.swift in Sources */ = {isa = PBXBuildFile; fileRef = BEFFCB8F1DAA77AE001EF8E4 /* BytecodeInterpreter.swift */; };
/* End PBXBuildFile section */

/* Begin PBXCopyFilesBuildPhase section */
		BE3FEB941DA425A30000648D /* CopyFiles */ = {
			isa = PBXCopyFilesBuildPhase;
			buildActionMask = 2147483647;
			dstPath = /usr/share/man/man1/;
			dstSubfolderSpec = 0;
			files = (
			);
			runOnlyForDeploymentPostprocessing = 1;
		};
/* End PBXCopyFilesBuildPhase section */

/* Begin PBXFileReference section */
		BE04D6391DA99FC800DAEB84 /* BytecodeInstruction.swift */ = {isa = PBXFileReference; fileEncoding = 4; lastKnownFileType = sourcecode.swift; path = BytecodeInstruction.swift; sourceTree = "<group>"; };
		BE04D63B1DAA72D900DAEB84 /* A.lion */ = {isa = PBXFileReference; explicitFileType = text.json; fileEncoding = 4; path = A.lion; sourceTree = "<group>"; };
		BE3FEB961DA425A30000648D /* Lioness */ = {isa = PBXFileReference; explicitFileType = "compiled.mach-o.executable"; includeInIndex = 0; path = Lioness; sourceTree = BUILT_PRODUCTS_DIR; };
		BE3FEB991DA425A30000648D /* main.swift */ = {isa = PBXFileReference; lastKnownFileType = sourcecode.swift; path = main.swift; sourceTree = "<group>"; };
		BE3FEBA41DA427800000648D /* Lexer.swift */ = {isa = PBXFileReference; fileEncoding = 4; lastKnownFileType = sourcecode.swift; path = Lexer.swift; sourceTree = "<group>"; };
		BE3FEBA51DA427800000648D /* Nodes.swift */ = {isa = PBXFileReference; fileEncoding = 4; lastKnownFileType = sourcecode.swift; path = Nodes.swift; sourceTree = "<group>"; };
		BE3FEBA61DA427800000648D /* Parser.swift */ = {isa = PBXFileReference; fileEncoding = 4; lastKnownFileType = sourcecode.swift; path = Parser.swift; sourceTree = "<group>"; };
		BE3FEBA71DA427800000648D /* Regex.swift */ = {isa = PBXFileReference; fileEncoding = 4; lastKnownFileType = sourcecode.swift; path = Regex.swift; sourceTree = "<group>"; };
		BE3FEBA81DA427800000648D /* String.swift */ = {isa = PBXFileReference; fileEncoding = 4; lastKnownFileType = sourcecode.swift; path = String.swift; sourceTree = "<group>"; };
		BE5653631DAAB86F006171B9 /* BytecodeInstructionType.swift */ = {isa = PBXFileReference; fileEncoding = 4; lastKnownFileType = sourcecode.swift; path = BytecodeInstructionType.swift; sourceTree = "<group>"; };
		BE68520E1DAA73A200026418 /* B.lion */ = {isa = PBXFileReference; explicitFileType = text.json; fileEncoding = 4; path = B.lion; sourceTree = "<group>"; };
		BE9369FB1DA83AB000C0B3DF /* BytecodeCompiler.swift */ = {isa = PBXFileReference; fileEncoding = 4; lastKnownFileType = sourcecode.swift; path = BytecodeCompiler.swift; sourceTree = "<group>"; };
		BEFFCB8E1DAA744B001EF8E4 /* C.lion */ = {isa = PBXFileReference; explicitFileType = text.json; fileEncoding = 4; path = C.lion; sourceTree = "<group>"; };
		BEFFCB8F1DAA77AE001EF8E4 /* BytecodeInterpreter.swift */ = {isa = PBXFileReference; fileEncoding = 4; lastKnownFileType = sourcecode.swift; path = BytecodeInterpreter.swift; sourceTree = "<group>"; };
/* End PBXFileReference section */

/* Begin PBXFrameworksBuildPhase section */
		BE3FEB931DA425A30000648D /* Frameworks */ = {
			isa = PBXFrameworksBuildPhase;
			buildActionMask = 2147483647;
			files = (
			);
			runOnlyForDeploymentPostprocessing = 0;
		};
/* End PBXFrameworksBuildPhase section */

/* Begin PBXGroup section */
		BE3FEB8D1DA425A30000648D = {
			isa = PBXGroup;
			children = (
				BE3FEB981DA425A30000648D /* Lioness */,
				BE3FEB971DA425A30000648D /* Products */,
			);
			sourceTree = "<group>";
		};
		BE3FEB971DA425A30000648D /* Products */ = {
			isa = PBXGroup;
			children = (
				BE3FEB961DA425A30000648D /* Lioness */,
			);
			name = Products;
			sourceTree = "<group>";
		};
		BE3FEB981DA425A30000648D /* Lioness */ = {
			isa = PBXGroup;
			children = (
				BE04D63B1DAA72D900DAEB84 /* A.lion */,
				BE68520E1DAA73A200026418 /* B.lion */,
				BEFFCB8E1DAA744B001EF8E4 /* C.lion */,
				BE3FEB991DA425A30000648D /* main.swift */,
				BE3FEBA01DA426150000648D /* Lexer */,
				BE3FEBA21DA4273F0000648D /* Parser */,
				BE3FEBA31DA427440000648D /* AST */,
				BE9369F91DA8079C00C0B3DF /* Scorpion Bytecode */,
				BE9369FA1DA807B400C0B3DF /* Interpreter */,
			);
			path = Lioness;
			sourceTree = "<group>";
		};
		BE3FEBA01DA426150000648D /* Lexer */ = {
			isa = PBXGroup;
			children = (
				BE3FEBA41DA427800000648D /* Lexer.swift */,
				BE3FEBA71DA427800000648D /* Regex.swift */,
				BE3FEBA81DA427800000648D /* String.swift */,
			);
			name = Lexer;
			sourceTree = "<group>";
		};
		BE3FEBA21DA4273F0000648D /* Parser */ = {
			isa = PBXGroup;
			children = (
				BE3FEBA61DA427800000648D /* Parser.swift */,
			);
			name = Parser;
			sourceTree = "<group>";
		};
		BE3FEBA31DA427440000648D /* AST */ = {
			isa = PBXGroup;
			children = (
				BE3FEBA51DA427800000648D /* Nodes.swift */,
			);
			name = AST;
			sourceTree = "<group>";
		};
		BE9369F91DA8079C00C0B3DF /* Scorpion Bytecode */ = {
			isa = PBXGroup;
			children = (
				BE9369FB1DA83AB000C0B3DF /* BytecodeCompiler.swift */,
				BE04D6391DA99FC800DAEB84 /* BytecodeInstruction.swift */,
				BE5653631DAAB86F006171B9 /* BytecodeInstructionType.swift */,
			);
			name = "Scorpion Bytecode";
			sourceTree = "<group>";
		};
		BE9369FA1DA807B400C0B3DF /* Interpreter */ = {
			isa = PBXGroup;
			children = (
				BEFFCB8F1DAA77AE001EF8E4 /* BytecodeInterpreter.swift */,
			);
			name = Interpreter;
			sourceTree = "<group>";
		};
/* End PBXGroup section */

/* Begin PBXNativeTarget section */
		BE3FEB951DA425A30000648D /* Lioness */ = {
			isa = PBXNativeTarget;
			buildConfigurationList = BE3FEB9D1DA425A30000648D /* Build configuration list for PBXNativeTarget "Lioness" */;
			buildPhases = (
				BE3FEB921DA425A30000648D /* Sources */,
				BE3FEB931DA425A30000648D /* Frameworks */,
				BE3FEB941DA425A30000648D /* CopyFiles */,
			);
			buildRules = (
			);
			dependencies = (
			);
			name = Lioness;
			productName = Lioness;
			productReference = BE3FEB961DA425A30000648D /* Lioness */;
			productType = "com.apple.product-type.tool";
		};
/* End PBXNativeTarget section */

/* Begin PBXProject section */
		BE3FEB8E1DA425A30000648D /* Project object */ = {
			isa = PBXProject;
			attributes = {
				LastSwiftUpdateCheck = 0800;
				LastUpgradeCheck = 0800;
				ORGANIZATIONNAME = "Silver Fox";
				TargetAttributes = {
					BE3FEB951DA425A30000648D = {
						CreatedOnToolsVersion = 8.0;
						DevelopmentTeam = 6G5LMQ72D8;
						ProvisioningStyle = Automatic;
					};
				};
			};
			buildConfigurationList = BE3FEB911DA425A30000648D /* Build configuration list for PBXProject "Lioness" */;
			compatibilityVersion = "Xcode 3.2";
			developmentRegion = English;
			hasScannedForEncodings = 0;
			knownRegions = (
				en,
			);
			mainGroup = BE3FEB8D1DA425A30000648D;
			productRefGroup = BE3FEB971DA425A30000648D /* Products */;
			projectDirPath = "";
			projectRoot = "";
			targets = (
				BE3FEB951DA425A30000648D /* Lioness */,
			);
		};
/* End PBXProject section */

/* Begin PBXSourcesBuildPhase section */
		BE3FEB921DA425A30000648D /* Sources */ = {
			isa = PBXSourcesBuildPhase;
			buildActionMask = 2147483647;
			files = (
				BE3FEBAD1DA427800000648D /* String.swift in Sources */,
				BE3FEBAB1DA427800000648D /* Parser.swift in Sources */,
				BE3FEBAC1DA427800000648D /* Regex.swift in Sources */,
				BE9369FC1DA83AB000C0B3DF /* BytecodeCompiler.swift in Sources */,
				BE3FEBA91DA427800000648D /* Lexer.swift in Sources */,
				BE04D63A1DA99FC800DAEB84 /* BytecodeInstruction.swift in Sources */,
				BE5653641DAAB86F006171B9 /* BytecodeInstructionType.swift in Sources */,
				BE3FEBAA1DA427800000648D /* Nodes.swift in Sources */,
				BE3FEB9A1DA425A30000648D /* main.swift in Sources */,
				BEFFCB901DAA77AE001EF8E4 /* BytecodeInterpreter.swift in Sources */,
			);
			runOnlyForDeploymentPostprocessing = 0;
		};
/* End PBXSourcesBuildPhase section */

/* Begin XCBuildConfiguration section */
		BE3FEB9B1DA425A30000648D /* Debug */ = {
			isa = XCBuildConfiguration;
			buildSettings = {
				ALWAYS_SEARCH_USER_PATHS = NO;
				CLANG_ANALYZER_NONNULL = YES;
				CLANG_CXX_LANGUAGE_STANDARD = "gnu++0x";
				CLANG_CXX_LIBRARY = "libc++";
				CLANG_ENABLE_MODULES = YES;
				CLANG_ENABLE_OBJC_ARC = YES;
				CLANG_WARN_BOOL_CONVERSION = YES;
				CLANG_WARN_CONSTANT_CONVERSION = YES;
				CLANG_WARN_DIRECT_OBJC_ISA_USAGE = YES_ERROR;
				CLANG_WARN_DOCUMENTATION_COMMENTS = YES;
				CLANG_WARN_EMPTY_BODY = YES;
				CLANG_WARN_ENUM_CONVERSION = YES;
				CLANG_WARN_INFINITE_RECURSION = YES;
				CLANG_WARN_INT_CONVERSION = YES;
				CLANG_WARN_OBJC_ROOT_CLASS = YES_ERROR;
				CLANG_WARN_SUSPICIOUS_MOVES = YES;
				CLANG_WARN_UNREACHABLE_CODE = YES;
				CLANG_WARN__DUPLICATE_METHOD_MATCH = YES;
				CODE_SIGN_IDENTITY = "-";
				COPY_PHASE_STRIP = NO;
				DEBUG_INFORMATION_FORMAT = dwarf;
				ENABLE_STRICT_OBJC_MSGSEND = YES;
				ENABLE_TESTABILITY = YES;
				GCC_C_LANGUAGE_STANDARD = gnu99;
				GCC_DYNAMIC_NO_PIC = NO;
				GCC_NO_COMMON_BLOCKS = YES;
				GCC_OPTIMIZATION_LEVEL = 0;
				GCC_PREPROCESSOR_DEFINITIONS = (
					"DEBUG=1",
					"$(inherited)",
				);
				GCC_WARN_64_TO_32_BIT_CONVERSION = YES;
				GCC_WARN_ABOUT_RETURN_TYPE = YES_ERROR;
				GCC_WARN_UNDECLARED_SELECTOR = YES;
				GCC_WARN_UNINITIALIZED_AUTOS = YES_AGGRESSIVE;
				GCC_WARN_UNUSED_FUNCTION = YES;
				GCC_WARN_UNUSED_VARIABLE = YES;
				MACOSX_DEPLOYMENT_TARGET = 10.12;
				MTL_ENABLE_DEBUG_INFO = YES;
				ONLY_ACTIVE_ARCH = YES;
				SDKROOT = macosx;
				SWIFT_OPTIMIZATION_LEVEL = "-Onone";
			};
			name = Debug;
		};
		BE3FEB9C1DA425A30000648D /* Release */ = {
			isa = XCBuildConfiguration;
			buildSettings = {
				ALWAYS_SEARCH_USER_PATHS = NO;
				CLANG_ANALYZER_NONNULL = YES;
				CLANG_CXX_LANGUAGE_STANDARD = "gnu++0x";
				CLANG_CXX_LIBRARY = "libc++";
				CLANG_ENABLE_MODULES = YES;
				CLANG_ENABLE_OBJC_ARC = YES;
				CLANG_WARN_BOOL_CONVERSION = YES;
				CLANG_WARN_CONSTANT_CONVERSION = YES;
				CLANG_WARN_DIRECT_OBJC_ISA_USAGE = YES_ERROR;
				CLANG_WARN_DOCUMENTATION_COMMENTS = YES;
				CLANG_WARN_EMPTY_BODY = YES;
				CLANG_WARN_ENUM_CONVERSION = YES;
				CLANG_WARN_INFINITE_RECURSION = YES;
				CLANG_WARN_INT_CONVERSION = YES;
				CLANG_WARN_OBJC_ROOT_CLASS = YES_ERROR;
				CLANG_WARN_SUSPICIOUS_MOVES = YES;
				CLANG_WARN_UNREACHABLE_CODE = YES;
				CLANG_WARN__DUPLICATE_METHOD_MATCH = YES;
				CODE_SIGN_IDENTITY = "-";
				COPY_PHASE_STRIP = NO;
				DEBUG_INFORMATION_FORMAT = "dwarf-with-dsym";
				ENABLE_NS_ASSERTIONS = NO;
				ENABLE_STRICT_OBJC_MSGSEND = YES;
				GCC_C_LANGUAGE_STANDARD = gnu99;
				GCC_NO_COMMON_BLOCKS = YES;
				GCC_WARN_64_TO_32_BIT_CONVERSION = YES;
				GCC_WARN_ABOUT_RETURN_TYPE = YES_ERROR;
				GCC_WARN_UNDECLARED_SELECTOR = YES;
				GCC_WARN_UNINITIALIZED_AUTOS = YES_AGGRESSIVE;
				GCC_WARN_UNUSED_FUNCTION = YES;
				GCC_WARN_UNUSED_VARIABLE = YES;
				MACOSX_DEPLOYMENT_TARGET = 10.12;
				MTL_ENABLE_DEBUG_INFO = NO;
				SDKROOT = macosx;
			};
			name = Release;
		};
		BE3FEB9E1DA425A30000648D /* Debug */ = {
			isa = XCBuildConfiguration;
			buildSettings = {
				DEVELOPMENT_TEAM = 6G5LMQ72D8;
				PRODUCT_NAME = "$(TARGET_NAME)";
				SWIFT_VERSION = 3.0;
			};
			name = Debug;
		};
		BE3FEB9F1DA425A30000648D /* Release */ = {
			isa = XCBuildConfiguration;
			buildSettings = {
				DEVELOPMENT_TEAM = 6G5LMQ72D8;
				PRODUCT_NAME = "$(TARGET_NAME)";
				SWIFT_VERSION = 3.0;
			};
			name = Release;
		};
/* End XCBuildConfiguration section */

/* Begin XCConfigurationList section */
		BE3FEB911DA425A30000648D /* Build configuration list for PBXProject "Lioness" */ = {
			isa = XCConfigurationList;
			buildConfigurations = (
				BE3FEB9B1DA425A30000648D /* Debug */,
				BE3FEB9C1DA425A30000648D /* Release */,
			);
			defaultConfigurationIsVisible = 0;
			defaultConfigurationName = Release;
		};
		BE3FEB9D1DA425A30000648D /* Build configuration list for PBXNativeTarget "Lioness" */ = {
			isa = XCConfigurationList;
			buildConfigurations = (
				BE3FEB9E1DA425A30000648D /* Debug */,
				BE3FEB9F1DA425A30000648D /* Release */,
			);
			defaultConfigurationIsVisible = 0;
			defaultConfigurationName = Release;
		};
/* End XCConfigurationList section */
	};
	rootObject = BE3FEB8E1DA425A30000648D /* Project object */;
}
